name: lock
on:
  workflow_dispatch:

jobs:
  update:
    runs-on: ubuntu-latest
    permissions:
      contents: write
    steps:
      - uses: actions/checkout@v4
      - uses: DeterminateSystems/nix-installer-action@v16
      - run: nix flake update
      - name: commit lock
        run: |
          git config user.name  "github-actions[bot]"
          git config user.email "41898282+github-actions[bot]@users.noreply.github.com"
          git add flake.lock
          git commit -m "flake.lock: update" || echo "nothing to commit"
          git push
